{
    "_readme": [
        "This file locks the dependencies of your project to a known state",
        "Read more about it at https://getcomposer.org/doc/01-basic-usage.md#installing-dependencies",
        "This file is @generated automatically"
    ],
    "content-hash": "fe6964544ceab815c2785000602d312e",
    "packages": [
        {
            "name": "quibble/dabble",
            "version": "2.2.3",
            "source": {
                "type": "git",
                "url": "https://github.com/quibble-dbal/dabble.git",
                "reference": "bbe62f204c073f91ae450fe715face7d2156f066"
            },
            "dist": {
                "type": "zip",
                "url": "https://api.github.com/repos/quibble-dbal/dabble/zipball/bbe62f204c073f91ae450fe715face7d2156f066",
                "reference": "bbe62f204c073f91ae450fe715face7d2156f066",
                "shasum": ""
            },
            "require": {
                "php": ">=7.2"
            },
            "require-dev": {
                "gentry/gentry": "^0.16.12",
                "gentry/toast": "^0.2.1",
                "toast/unit": "^2.2.2"
            },
            "type": "library",
            "autoload": {
                "psr-4": {
                    "Quibble\\Dabble\\": "./src"
                }
            },
            "notification-url": "https://packagist.org/downloads/",
            "license": [
                "MIT"
            ],
            "authors": [
                {
                    "name": "Marijn Ophorst",
                    "email": "marijn@monomelodies.nl"
                }
            ],
            "description": "DBAL for Quibble",
            "support": {
                "issues": "https://github.com/quibble-dbal/dabble/issues",
                "source": "https://github.com/quibble-dbal/dabble/tree/2.2.3"
            },
            "time": "2025-02-28T12:52:02+00:00"
        }
    ],
    "packages-dev": [],
    "aliases": [],
    "minimum-stability": "stable",
    "stability-flags": {},
    "prefer-stable": false,
    "prefer-lowest": false,
    "platform": {
        "php": ">=7.2"
    },
    "platform-dev": {},
    "plugin-api-version": "2.6.0"
}
