{
    "_readme": [
        "This file locks the dependencies of your project to a known state",
        "Read more about it at https://getcomposer.org/doc/01-basic-usage.md#installing-dependencies",
        "This file is @generated automatically"
    ],
    "content-hash": "fe6964544ceab815c2785000602d312e",
    "packages": [
        {
            "name": "quibble/dabble",
            "version": "2.0.1",
            "source": {
                "type": "git",
                "url": "https://github.com/quibble-dbal/dabble.git",
                "reference": "68b4d8530efa9f235f851f53c7b285a290342032"
            },
            "dist": {
                "type": "zip",
                "url": "https://api.github.com/repos/quibble-dbal/dabble/zipball/68b4d8530efa9f235f851f53c7b285a290342032",
                "reference": "68b4d8530efa9f235f851f53c7b285a290342032",
                "shasum": ""
            },
            "require": {
                "php": ">=7.2"
            },
            "require-dev": {
                "gentry/gentry": "^0.13.0",
                "gentry/toast": "^0.1.0",
                "toast/unit": "^1.3"
            },
            "type": "library",
            "autoload": {
                "psr-4": {
                    "Quibble\\Dabble\\": "./src"
                }
            },
            "notification-url": "https://packagist.org/downloads/",
            "license": [
                "MIT"
            ],
            "authors": [
                {
                    "name": "Marijn Ophorst",
                    "email": "marijn@monomelodies.nl"
                }
            ],
            "description": "DBAL for Quibble",
            "time": "2018-07-19T11:44:57+00:00"
        }
    ],
    "packages-dev": [],
    "aliases": [],
    "minimum-stability": "stable",
    "stability-flags": [],
    "prefer-stable": false,
    "prefer-lowest": false,
    "platform": {
        "php": ">=7.2"
    },
    "platform-dev": []
}
